
Microsoft Visual Studio Solution File, Format Version 12.00
# Visual Studio Version 16
VisualStudioVersion = 16.0.31911.196
MinimumVisualStudioVersion = 10.0.40219.1
Project("{FAE04EC0-301F-11D3-BF4B-00C04F79EFBC}") = "ExFixEnumComp", "ExFixEnumComp\ExFixEnumComp.csproj", "{87A51BB8-E3B8-494C-88B7-EB2E7174A611}"
EndProject
Global
	GlobalSection(SolutionConfigurationPlatforms) = preSolution
		Debug|Any CPU = Debug|Any CPU
		Release|Any CPU = Release|Any CPU
	EndGlobalSection
	GlobalSection(ProjectConfigurationPlatforms) = postSolution
		{87A51BB8-E3B8-494C-88B7-EB2E7174A611}.Debug|Any CPU.ActiveCfg = Debug|Any CPU
		{87A51BB8-E3B8-494C-88B7-EB2E7174A611}.Debug|Any CPU.Build.0 = Debug|Any CPU
		{87A51BB8-E3B8-494C-88B7-EB2E7174A611}.Release|Any CPU.ActiveCfg = Release|Any CPU
		{87A51BB8-E3B8-494C-88B7-EB2E7174A611}.Release|Any CPU.Build.0 = Release|Any CPU
	EndGlobalSection
	GlobalSection(SolutionProperties) = preSolution
		HideSolutionNode = FALSE
	EndGlobalSection
	GlobalSection(ExtensibilityGlobals) = postSolution
		SolutionGuid = {0E6BB05C-32D9-4E1A-8464-B63AD3449A7B}
	EndGlobalSection
EndGlobal
